
Microsoft Visual Studio Solution File, Format Version 12.00
# Visual Studio Version 17
VisualStudioVersion = 17.3.32901.215
MinimumVisualStudioVersion = 10.0.40219.1
Project("{FAE04EC0-301F-11D3-BF4B-00C04F79EFBC}") = "tiendung_GRPC", "tiendung_GRPC\tiendung_GRPC.csproj", "{C13E1552-F955-4649-AE46-4062A3E986E3}"
EndProject
Global
	GlobalSection(SolutionConfigurationPlatforms) = preSolution
		Debug|Any CPU = Debug|Any CPU
		Release|Any CPU = Release|Any CPU
	EndGlobalSection
	GlobalSection(ProjectConfigurationPlatforms) = postSolution
		{C13E1552-F955-4649-AE46-4062A3E986E3}.Debug|Any CPU.ActiveCfg = Debug|Any CPU
		{C13E1552-F955-4649-AE46-4062A3E986E3}.Debug|Any CPU.Build.0 = Debug|Any CPU
		{C13E1552-F955-4649-AE46-4062A3E986E3}.Release|Any CPU.ActiveCfg = Release|Any CPU
		{C13E1552-F955-4649-AE46-4062A3E986E3}.Release|Any CPU.Build.0 = Release|Any CPU
	EndGlobalSection
	GlobalSection(SolutionProperties) = preSolution
		HideSolutionNode = FALSE
	EndGlobalSection
	GlobalSection(ExtensibilityGlobals) = postSolution
		SolutionGuid = {8325694D-1DE7-4B90-9739-FB8E7DDD4B1B}
	EndGlobalSection
EndGlobal
